// !$*UTF8*$!
{
	archiveVersion = 1;
	classes = {
	};
	objectVersion = 55;
	objects = {

/* Begin PBXBuildFile section */
		47619D2427ED551A00140513 /* UI_518App.swift in Sources */ = {isa = PBXBuildFile; fileRef = 47619D2327ED551A00140513 /* UI_518App.swift */; };
		47619D2627ED551A00140513 /* ContentView.swift in Sources */ = {isa = PBXBuildFile; fileRef = 47619D2527ED551A00140513 /* ContentView.swift */; };
		47619D2827ED551B00140513 /* Assets.xcassets in Resources */ = {isa = PBXBuildFile; fileRef = 47619D2727ED551B00140513 /* Assets.xcassets */; };
		47619D2B27ED551B00140513 /* Preview Assets.xcassets in Resources */ = {isa = PBXBuildFile; fileRef = 47619D2A27ED551B00140513 /* Preview Assets.xcassets */; };
		47619D3527ED551B00140513 /* UI_518Tests.swift in Sources */ = {isa = PBXBuildFile; fileRef = 47619D3427ED551B00140513 /* UI_518Tests.swift */; };
		47619D3F27ED551B00140513 /* UI_518UITests.swift in Sources */ = {isa = PBXBuildFile; fileRef = 47619D3E27ED551B00140513 /* UI_518UITests.swift */; };
		47619D4127ED551B00140513 /* UI_518UITestsLaunchTests.swift in Sources */ = {isa = PBXBuildFile; fileRef = 47619D4027ED551B00140513 /* UI_518UITestsLaunchTests.swift */; };
		47619D4F27ED552F00140513 /* Home.swift in Sources */ = {isa = PBXBuildFile; fileRef = 47619D4E27ED552F00140513 /* Home.swift */; };
		47619D5227ED554300140513 /* Album.swift in Sources */ = {isa = PBXBuildFile; fileRef = 47619D5127ED554300140513 /* Album.swift */; };
		47619D5427ED5C9300140513 /* OffsetModifier.swift in Sources */ = {isa = PBXBuildFile; fileRef = 47619D5327ED5C9300140513 /* OffsetModifier.swift */; };
/* End PBXBuildFile section */

/* Begin PBXContainerItemProxy section */
		47619D3127ED551B00140513 /* PBXContainerItemProxy */ = {
			isa = PBXContainerItemProxy;
			containerPortal = 47619D1827ED551A00140513 /* Project object */;
			proxyType = 1;
			remoteGlobalIDString = 47619D1F27ED551A00140513;
			remoteInfo = "UI-518";
		};
		47619D3B27ED551B00140513 /* PBXContainerItemProxy */ = {
			isa = PBXContainerItemProxy;
			containerPortal = 47619D1827ED551A00140513 /* Project object */;
			proxyType = 1;
			remoteGlobalIDString = 47619D1F27ED551A00140513;
			remoteInfo = "UI-518";
		};
/* End PBXContainerItemProxy section */

/* Begin PBXFileReference section */
		47619D2027ED551A00140513 /* UI-518.app */ = {isa = PBXFileReference; explicitFileType = wrapper.application; includeInIndex = 0; path = "UI-518.app"; sourceTree = BUILT_PRODUCTS_DIR; };
		47619D2327ED551A00140513 /* UI_518App.swift */ = {isa = PBXFileReference; lastKnownFileType = sourcecode.swift; path = UI_518App.swift; sourceTree = "<group>"; };
		47619D2527ED551A00140513 /* ContentView.swift */ = {isa = PBXFileReference; lastKnownFileType = sourcecode.swift; path = ContentView.swift; sourceTree = "<group>"; };
		47619D2727ED551B00140513 /* Assets.xcassets */ = {isa = PBXFileReference; lastKnownFileType = folder.assetcatalog; path = Assets.xcassets; sourceTree = "<group>"; };
		47619D2A27ED551B00140513 /* Preview Assets.xcassets */ = {isa = PBXFileReference; lastKnownFileType = folder.assetcatalog; path = "Preview Assets.xcassets"; sourceTree = "<group>"; };
		47619D3027ED551B00140513 /* UI-518Tests.xctest */ = {isa = PBXFileReference; explicitFileType = wrapper.cfbundle; includeInIndex = 0; path = "UI-518Tests.xctest"; sourceTree = BUILT_PRODUCTS_DIR; };
		47619D3427ED551B00140513 /* UI_518Tests.swift */ = {isa = PBXFileReference; lastKnownFileType = sourcecode.swift; path = UI_518Tests.swift; sourceTree = "<group>"; };
		47619D3A27ED551B00140513 /* UI-518UITests.xctest */ = {isa = PBXFileReference; explicitFileType = wrapper.cfbundle; includeInIndex = 0; path = "UI-518UITests.xctest"; sourceTree = BUILT_PRODUCTS_DIR; };
		47619D3E27ED551B00140513 /* UI_518UITests.swift */ = {isa = PBXFileReference; lastKnownFileType = sourcecode.swift; path = UI_518UITests.swift; sourceTree = "<group>"; };
		47619D4027ED551B00140513 /* UI_518UITestsLaunchTests.swift */ = {isa = PBXFileReference; lastKnownFileType = sourcecode.swift; path = UI_518UITestsLaunchTests.swift; sourceTree = "<group>"; };
		47619D4E27ED552F00140513 /* Home.swift */ = {isa = PBXFileReference; lastKnownFileType = sourcecode.swift; path = Home.swift; sourceTree = "<group>"; };
		47619D5127ED554300140513 /* Album.swift */ = {isa = PBXFileReference; lastKnownFileType = sourcecode.swift; path = Album.swift; sourceTree = "<group>"; };
		47619D5327ED5C9300140513 /* OffsetModifier.swift */ = {isa = PBXFileReference; lastKnownFileType = sourcecode.swift; path = OffsetModifier.swift; sourceTree = "<group>"; };
/* End PBXFileReference section */

/* Begin PBXFrameworksBuildPhase section */
		47619D1D27ED551A00140513 /* Frameworks */ = {
			isa = PBXFrameworksBuildPhase;
			buildActionMask = 2147483647;
			files = (
			);
			runOnlyForDeploymentPostprocessing = 0;
		};
		47619D2D27ED551B00140513 /* Frameworks */ = {
			isa = PBXFrameworksBuildPhase;
			buildActionMask = 2147483647;
			files = (
			);
			runOnlyForDeploymentPostprocessing = 0;
		};
		47619D3727ED551B00140513 /* Frameworks */ = {
			isa = PBXFrameworksBuildPhase;
			buildActionMask = 2147483647;
			files = (
			);
			runOnlyForDeploymentPostprocessing = 0;
		};
/* End PBXFrameworksBuildPhase section */

/* Begin PBXGroup section */
		47619D1727ED551A00140513 = {
			isa = PBXGroup;
			children = (
				47619D2227ED551A00140513 /* UI-518 */,
				47619D3327ED551B00140513 /* UI-518Tests */,
				47619D3D27ED551B00140513 /* UI-518UITests */,
				47619D2127ED551A00140513 /* Products */,
			);
			sourceTree = "<group>";
		};
		47619D2127ED551A00140513 /* Products */ = {
			isa = PBXGroup;
			children = (
				47619D2027ED551A00140513 /* UI-518.app */,
				47619D3027ED551B00140513 /* UI-518Tests.xctest */,
				47619D3A27ED551B00140513 /* UI-518UITests.xctest */,
			);
			name = Products;
			sourceTree = "<group>";
		};
		47619D2227ED551A00140513 /* UI-518 */ = {
			isa = PBXGroup;
			children = (
				47619D5027ED553A00140513 /* Model */,
				47619D4D27ED552B00140513 /* View */,
				47619D2327ED551A00140513 /* UI_518App.swift */,
				47619D2527ED551A00140513 /* ContentView.swift */,
				47619D2727ED551B00140513 /* Assets.xcassets */,
				47619D2927ED551B00140513 /* Preview Content */,
			);
			path = "UI-518";
			sourceTree = "<group>";
		};
		47619D2927ED551B00140513 /* Preview Content */ = {
			isa = PBXGroup;
			children = (
				47619D2A27ED551B00140513 /* Preview Assets.xcassets */,
			);
			path = "Preview Content";
			sourceTree = "<group>";
		};
		47619D3327ED551B00140513 /* UI-518Tests */ = {
			isa = PBXGroup;
			children = (
				47619D3427ED551B00140513 /* UI_518Tests.swift */,
			);
			path = "UI-518Tests";
			sourceTree = "<group>";
		};
		47619D3D27ED551B00140513 /* UI-518UITests */ = {
			isa = PBXGroup;
			children = (
				47619D3E27ED551B00140513 /* UI_518UITests.swift */,
				47619D4027ED551B00140513 /* UI_518UITestsLaunchTests.swift */,
			);
			path = "UI-518UITests";
			sourceTree = "<group>";
		};
		47619D4D27ED552B00140513 /* View */ = {
			isa = PBXGroup;
			children = (
				47619D4E27ED552F00140513 /* Home.swift */,
				47619D5327ED5C9300140513 /* OffsetModifier.swift */,
			);
			path = View;
			sourceTree = "<group>";
		};
		47619D5027ED553A00140513 /* Model */ = {
			isa = PBXGroup;
			children = (
				47619D5127ED554300140513 /* Album.swift */,
			);
			path = Model;
			sourceTree = "<group>";
		};
/* End PBXGroup section */

/* Begin PBXNativeTarget section */
		47619D1F27ED551A00140513 /* UI-518 */ = {
			isa = PBXNativeTarget;
			buildConfigurationList = 47619D4427ED551B00140513 /* Build configuration list for PBXNativeTarget "UI-518" */;
			buildPhases = (
				47619D1C27ED551A00140513 /* Sources */,
				47619D1D27ED551A00140513 /* Frameworks */,
				47619D1E27ED551A00140513 /* Resources */,
			);
			buildRules = (
			);
			dependencies = (
			);
			name = "UI-518";
			productName = "UI-518";
			productReference = 47619D2027ED551A00140513 /* UI-518.app */;
			productType = "com.apple.product-type.application";
		};
		47619D2F27ED551B00140513 /* UI-518Tests */ = {
			isa = PBXNativeTarget;
			buildConfigurationList = 47619D4727ED551B00140513 /* Build configuration list for PBXNativeTarget "UI-518Tests" */;
			buildPhases = (
				47619D2C27ED551B00140513 /* Sources */,
				47619D2D27ED551B00140513 /* Frameworks */,
				47619D2E27ED551B00140513 /* Resources */,
			);
			buildRules = (
			);
			dependencies = (
				47619D3227ED551B00140513 /* PBXTargetDependency */,
			);
			name = "UI-518Tests";
			productName = "UI-518Tests";
			productReference = 47619D3027ED551B00140513 /* UI-518Tests.xctest */;
			productType = "com.apple.product-type.bundle.unit-test";
		};
		47619D3927ED551B00140513 /* UI-518UITests */ = {
			isa = PBXNativeTarget;
			buildConfigurationList = 47619D4A27ED551B00140513 /* Build configuration list for PBXNativeTarget "UI-518UITests" */;
			buildPhases = (
				47619D3627ED551B00140513 /* Sources */,
				47619D3727ED551B00140513 /* Frameworks */,
				47619D3827ED551B00140513 /* Resources */,
			);
			buildRules = (
			);
			dependencies = (
				47619D3C27ED551B00140513 /* PBXTargetDependency */,
			);
			name = "UI-518UITests";
			productName = "UI-518UITests";
			productReference = 47619D3A27ED551B00140513 /* UI-518UITests.xctest */;
			productType = "com.apple.product-type.bundle.ui-testing";
		};
/* End PBXNativeTarget section */

/* Begin PBXProject section */
		47619D1827ED551A00140513 /* Project object */ = {
			isa = PBXProject;
			attributes = {
				BuildIndependentTargetsInParallel = 1;
				LastSwiftUpdateCheck = 1330;
				LastUpgradeCheck = 1330;
				TargetAttributes = {
					47619D1F27ED551A00140513 = {
						CreatedOnToolsVersion = 13.3;
					};
					47619D2F27ED551B00140513 = {
						CreatedOnToolsVersion = 13.3;
						TestTargetID = 47619D1F27ED551A00140513;
					};
					47619D3927ED551B00140513 = {
						CreatedOnToolsVersion = 13.3;
						TestTargetID = 47619D1F27ED551A00140513;
					};
				};
			};
			buildConfigurationList = 47619D1B27ED551A00140513 /* Build configuration list for PBXProject "UI-518" */;
			compatibilityVersion = "Xcode 13.0";
			developmentRegion = en;
			hasScannedForEncodings = 0;
			knownRegions = (
				en,
				Base,
			);
			mainGroup = 47619D1727ED551A00140513;
			productRefGroup = 47619D2127ED551A00140513 /* Products */;
			projectDirPath = "";
			projectRoot = "";
			targets = (
				47619D1F27ED551A00140513 /* UI-518 */,
				47619D2F27ED551B00140513 /* UI-518Tests */,
				47619D3927ED551B00140513 /* UI-518UITests */,
			);
		};
/* End PBXProject section */

/* Begin PBXResourcesBuildPhase section */
		47619D1E27ED551A00140513 /* Resources */ = {
			isa = PBXResourcesBuildPhase;
			buildActionMask = 2147483647;
			files = (
				47619D2B27ED551B00140513 /* Preview Assets.xcassets in Resources */,
				47619D2827ED551B00140513 /* Assets.xcassets in Resources */,
			);
			runOnlyForDeploymentPostprocessing = 0;
		};
		47619D2E27ED551B00140513 /* Resources */ = {
			isa = PBXResourcesBuildPhase;
			buildActionMask = 2147483647;
			files = (
			);
			runOnlyForDeploymentPostprocessing = 0;
		};
		47619D3827ED551B00140513 /* Resources */ = {
			isa = PBXResourcesBuildPhase;
			buildActionMask = 2147483647;
			files = (
			);
			runOnlyForDeploymentPostprocessing = 0;
		};
/* End PBXResourcesBuildPhase section */

/* Begin PBXSourcesBuildPhase section */
		47619D1C27ED551A00140513 /* Sources */ = {
			isa = PBXSourcesBuildPhase;
			buildActionMask = 2147483647;
			files = (
				47619D2627ED551A00140513 /* ContentView.swift in Sources */,
				47619D4F27ED552F00140513 /* Home.swift in Sources */,
				47619D5427ED5C9300140513 /* OffsetModifier.swift in Sources */,
				47619D2427ED551A00140513 /* UI_518App.swift in Sources */,
				47619D5227ED554300140513 /* Album.swift in Sources */,
			);
			runOnlyForDeploymentPostprocessing = 0;
		};
		47619D2C27ED551B00140513 /* Sources */ = {
			isa = PBXSourcesBuildPhase;
			buildActionMask = 2147483647;
			files = (
				47619D3527ED551B00140513 /* UI_518Tests.swift in Sources */,
			);
			runOnlyForDeploymentPostprocessing = 0;
		};
		47619D3627ED551B00140513 /* Sources */ = {
			isa = PBXSourcesBuildPhase;
			buildActionMask = 2147483647;
			files = (
				47619D3F27ED551B00140513 /* UI_518UITests.swift in Sources */,
				47619D4127ED551B00140513 /* UI_518UITestsLaunchTests.swift in Sources */,
			);
			runOnlyForDeploymentPostprocessing = 0;
		};
/* End PBXSourcesBuildPhase section */

/* Begin PBXTargetDependency section */
		47619D3227ED551B00140513 /* PBXTargetDependency */ = {
			isa = PBXTargetDependency;
			target = 47619D1F27ED551A00140513 /* UI-518 */;
			targetProxy = 47619D3127ED551B00140513 /* PBXContainerItemProxy */;
		};
		47619D3C27ED551B00140513 /* PBXTargetDependency */ = {
			isa = PBXTargetDependency;
			target = 47619D1F27ED551A00140513 /* UI-518 */;
			targetProxy = 47619D3B27ED551B00140513 /* PBXContainerItemProxy */;
		};
/* End PBXTargetDependency section */

/* Begin XCBuildConfiguration section */
		47619D4227ED551B00140513 /* Debug */ = {
			isa = XCBuildConfiguration;
			buildSettings = {
				ALWAYS_SEARCH_USER_PATHS = NO;
				CLANG_ANALYZER_NONNULL = YES;
				CLANG_ANALYZER_NUMBER_OBJECT_CONVERSION = YES_AGGRESSIVE;
				CLANG_CXX_LANGUAGE_STANDARD = "gnu++17";
				CLANG_ENABLE_MODULES = YES;
				CLANG_ENABLE_OBJC_ARC = YES;
				CLANG_ENABLE_OBJC_WEAK = YES;
				CLANG_WARN_BLOCK_CAPTURE_AUTORELEASING = YES;
				CLANG_WARN_BOOL_CONVERSION = YES;
				CLANG_WARN_COMMA = YES;
				CLANG_WARN_CONSTANT_CONVERSION = YES;
				CLANG_WARN_DEPRECATED_OBJC_IMPLEMENTATIONS = YES;
				CLANG_WARN_DIRECT_OBJC_ISA_USAGE = YES_ERROR;
				CLANG_WARN_DOCUMENTATION_COMMENTS = YES;
				CLANG_WARN_EMPTY_BODY = YES;
				CLANG_WARN_ENUM_CONVERSION = YES;
				CLANG_WARN_INFINITE_RECURSION = YES;
				CLANG_WARN_INT_CONVERSION = YES;
				CLANG_WARN_NON_LITERAL_NULL_CONVERSION = YES;
				CLANG_WARN_OBJC_IMPLICIT_RETAIN_SELF = YES;
				CLANG_WARN_OBJC_LITERAL_CONVERSION = YES;
				CLANG_WARN_OBJC_ROOT_CLASS = YES_ERROR;
				CLANG_WARN_QUOTED_INCLUDE_IN_FRAMEWORK_HEADER = YES;
				CLANG_WARN_RANGE_LOOP_ANALYSIS = YES;
				CLANG_WARN_STRICT_PROTOTYPES = YES;
				CLANG_WARN_SUSPICIOUS_MOVE = YES;
				CLANG_WARN_UNGUARDED_AVAILABILITY = YES_AGGRESSIVE;
				CLANG_WARN_UNREACHABLE_CODE = YES;
				CLANG_WARN__DUPLICATE_METHOD_MATCH = YES;
				COPY_PHASE_STRIP = NO;
				DEBUG_INFORMATION_FORMAT = dwarf;
				ENABLE_STRICT_OBJC_MSGSEND = YES;
				ENABLE_TESTABILITY = YES;
				GCC_C_LANGUAGE_STANDARD = gnu11;
				GCC_DYNAMIC_NO_PIC = NO;
				GCC_NO_COMMON_BLOCKS = YES;
				GCC_OPTIMIZATION_LEVEL = 0;
				GCC_PREPROCESSOR_DEFINITIONS = (
					"DEBUG=1",
					"$(inherited)",
				);
				GCC_WARN_64_TO_32_BIT_CONVERSION = YES;
				GCC_WARN_ABOUT_RETURN_TYPE = YES_ERROR;
				GCC_WARN_UNDECLARED_SELECTOR = YES;
				GCC_WARN_UNINITIALIZED_AUTOS = YES_AGGRESSIVE;
				GCC_WARN_UNUSED_FUNCTION = YES;
				GCC_WARN_UNUSED_VARIABLE = YES;
				IPHONEOS_DEPLOYMENT_TARGET = 15.4;
				MTL_ENABLE_DEBUG_INFO = INCLUDE_SOURCE;
				MTL_FAST_MATH = YES;
				ONLY_ACTIVE_ARCH = YES;
				SDKROOT = iphoneos;
				SWIFT_ACTIVE_COMPILATION_CONDITIONS = DEBUG;
				SWIFT_OPTIMIZATION_LEVEL = "-Onone";
			};
			name = Debug;
		};
		47619D4327ED551B00140513 /* Release */ = {
			isa = XCBuildConfiguration;
			buildSettings = {
				ALWAYS_SEARCH_USER_PATHS = NO;
				CLANG_ANALYZER_NONNULL = YES;
				CLANG_ANALYZER_NUMBER_OBJECT_CONVERSION = YES_AGGRESSIVE;
				CLANG_CXX_LANGUAGE_STANDARD = "gnu++17";
				CLANG_ENABLE_MODULES = YES;
				CLANG_ENABLE_OBJC_ARC = YES;
				CLANG_ENABLE_OBJC_WEAK = YES;
				CLANG_WARN_BLOCK_CAPTURE_AUTORELEASING = YES;
				CLANG_WARN_BOOL_CONVERSION = YES;
				CLANG_WARN_COMMA = YES;
				CLANG_WARN_CONSTANT_CONVERSION = YES;
				CLANG_WARN_DEPRECATED_OBJC_IMPLEMENTATIONS = YES;
				CLANG_WARN_DIRECT_OBJC_ISA_USAGE = YES_ERROR;
				CLANG_WARN_DOCUMENTATION_COMMENTS = YES;
				CLANG_WARN_EMPTY_BODY = YES;
				CLANG_WARN_ENUM_CONVERSION = YES;
				CLANG_WARN_INFINITE_RECURSION = YES;
				CLANG_WARN_INT_CONVERSION = YES;
				CLANG_WARN_NON_LITERAL_NULL_CONVERSION = YES;
				CLANG_WARN_OBJC_IMPLICIT_RETAIN_SELF = YES;
				CLANG_WARN_OBJC_LITERAL_CONVERSION = YES;
				CLANG_WARN_OBJC_ROOT_CLASS = YES_ERROR;
				CLANG_WARN_QUOTED_INCLUDE_IN_FRAMEWORK_HEADER = YES;
				CLANG_WARN_RANGE_LOOP_ANALYSIS = YES;
				CLANG_WARN_STRICT_PROTOTYPES = YES;
				CLANG_WARN_SUSPICIOUS_MOVE = YES;
				CLANG_WARN_UNGUARDED_AVAILABILITY = YES_AGGRESSIVE;
				CLANG_WARN_UNREACHABLE_CODE = YES;
				CLANG_WARN__DUPLICATE_METHOD_MATCH = YES;
				COPY_PHASE_STRIP = NO;
				DEBUG_INFORMATION_FORMAT = "dwarf-with-dsym";
				ENABLE_NS_ASSERTIONS = NO;
				ENABLE_STRICT_OBJC_MSGSEND = YES;
				GCC_C_LANGUAGE_STANDARD = gnu11;
				GCC_NO_COMMON_BLOCKS = YES;
				GCC_WARN_64_TO_32_BIT_CONVERSION = YES;
				GCC_WARN_ABOUT_RETURN_TYPE = YES_ERROR;
				GCC_WARN_UNDECLARED_SELECTOR = YES;
				GCC_WARN_UNINITIALIZED_AUTOS = YES_AGGRESSIVE;
				GCC_WARN_UNUSED_FUNCTION = YES;
				GCC_WARN_UNUSED_VARIABLE = YES;
				IPHONEOS_DEPLOYMENT_TARGET = 15.4;
				MTL_ENABLE_DEBUG_INFO = NO;
				MTL_FAST_MATH = YES;
				SDKROOT = iphoneos;
				SWIFT_COMPILATION_MODE = wholemodule;
				SWIFT_OPTIMIZATION_LEVEL = "-O";
				VALIDATE_PRODUCT = YES;
			};
			name = Release;
		};
		47619D4527ED551B00140513 /* Debug */ = {
			isa = XCBuildConfiguration;
			buildSettings = {
				ASSETCATALOG_COMPILER_APPICON_NAME = AppIcon;
				ASSETCATALOG_COMPILER_GLOBAL_ACCENT_COLOR_NAME = AccentColor;
				CODE_SIGN_STYLE = Automatic;
				CURRENT_PROJECT_VERSION = 1;
				DEVELOPMENT_ASSET_PATHS = "\"UI-518/Preview Content\"";
				DEVELOPMENT_TEAM = 8CL4U468K5;
				ENABLE_PREVIEWS = YES;
				GENERATE_INFOPLIST_FILE = YES;
				INFOPLIST_KEY_UIApplicationSceneManifest_Generation = YES;
				INFOPLIST_KEY_UIApplicationSupportsIndirectInputEvents = YES;
				INFOPLIST_KEY_UILaunchScreen_Generation = YES;
				INFOPLIST_KEY_UISupportedInterfaceOrientations_iPad = "UIInterfaceOrientationPortrait UIInterfaceOrientationPortraitUpsideDown UIInterfaceOrientationLandscapeLeft UIInterfaceOrientationLandscapeRight";
				INFOPLIST_KEY_UISupportedInterfaceOrientations_iPhone = "UIInterfaceOrientationPortrait UIInterfaceOrientationLandscapeLeft UIInterfaceOrientationLandscapeRight";
				LD_RUNPATH_SEARCH_PATHS = (
					"$(inherited)",
					"@executable_path/Frameworks",
				);
				MARKETING_VERSION = 1.0;
				PRODUCT_BUNDLE_IDENTIFIER = "com.585.UI-518";
				PRODUCT_NAME = "$(TARGET_NAME)";
				SWIFT_EMIT_LOC_STRINGS = YES;
				SWIFT_VERSION = 5.0;
				TARGETED_DEVICE_FAMILY = "1,2";
			};
			name = Debug;
		};
		47619D4627ED551B00140513 /* Release */ = {
			isa = XCBuildConfiguration;
			buildSettings = {
				ASSETCATALOG_COMPILER_APPICON_NAME = AppIcon;
				ASSETCATALOG_COMPILER_GLOBAL_ACCENT_COLOR_NAME = AccentColor;
				CODE_SIGN_STYLE = Automatic;
				CURRENT_PROJECT_VERSION = 1;
				DEVELOPMENT_ASSET_PATHS = "\"UI-518/Preview Content\"";
				DEVELOPMENT_TEAM = 8CL4U468K5;
				ENABLE_PREVIEWS = YES;
				GENERATE_INFOPLIST_FILE = YES;
				INFOPLIST_KEY_UIApplicationSceneManifest_Generation = YES;
				INFOPLIST_KEY_UIApplicationSupportsIndirectInputEvents = YES;
				INFOPLIST_KEY_UILaunchScreen_Generation = YES;
				INFOPLIST_KEY_UISupportedInterfaceOrientations_iPad = "UIInterfaceOrientationPortrait UIInterfaceOrientationPortraitUpsideDown UIInterfaceOrientationLandscapeLeft UIInterfaceOrientationLandscapeRight";
				INFOPLIST_KEY_UISupportedInterfaceOrientations_iPhone = "UIInterfaceOrientationPortrait UIInterfaceOrientationLandscapeLeft UIInterfaceOrientationLandscapeRight";
				LD_RUNPATH_SEARCH_PATHS = (
					"$(inherited)",
					"@executable_path/Frameworks",
				);
				MARKETING_VERSION = 1.0;
				PRODUCT_BUNDLE_IDENTIFIER = "com.585.UI-518";
				PRODUCT_NAME = "$(TARGET_NAME)";
				SWIFT_EMIT_LOC_STRINGS = YES;
				SWIFT_VERSION = 5.0;
				TARGETED_DEVICE_FAMILY = "1,2";
			};
			name = Release;
		};
		47619D4827ED551B00140513 /* Debug */ = {
			isa = XCBuildConfiguration;
			buildSettings = {
				ALWAYS_EMBED_SWIFT_STANDARD_LIBRARIES = YES;
				BUNDLE_LOADER = "$(TEST_HOST)";
				CODE_SIGN_STYLE = Automatic;
				CURRENT_PROJECT_VERSION = 1;
				DEVELOPMENT_TEAM = 8CL4U468K5;
				GENERATE_INFOPLIST_FILE = YES;
				IPHONEOS_DEPLOYMENT_TARGET = 15.4;
				MARKETING_VERSION = 1.0;
				PRODUCT_BUNDLE_IDENTIFIER = "com.585.UI-518Tests";
				PRODUCT_NAME = "$(TARGET_NAME)";
				SWIFT_EMIT_LOC_STRINGS = NO;
				SWIFT_VERSION = 5.0;
				TARGETED_DEVICE_FAMILY = "1,2";
				TEST_HOST = "$(BUILT_PRODUCTS_DIR)/UI-518.app/UI-518";
			};
			name = Debug;
		};
		47619D4927ED551B00140513 /* Release */ = {
			isa = XCBuildConfiguration;
			buildSettings = {
				ALWAYS_EMBED_SWIFT_STANDARD_LIBRARIES = YES;
				BUNDLE_LOADER = "$(TEST_HOST)";
				CODE_SIGN_STYLE = Automatic;
				CURRENT_PROJECT_VERSION = 1;
				DEVELOPMENT_TEAM = 8CL4U468K5;
				GENERATE_INFOPLIST_FILE = YES;
				IPHONEOS_DEPLOYMENT_TARGET = 15.4;
				MARKETING_VERSION = 1.0;
				PRODUCT_BUNDLE_IDENTIFIER = "com.585.UI-518Tests";
				PRODUCT_NAME = "$(TARGET_NAME)";
				SWIFT_EMIT_LOC_STRINGS = NO;
				SWIFT_VERSION = 5.0;
				TARGETED_DEVICE_FAMILY = "1,2";
				TEST_HOST = "$(BUILT_PRODUCTS_DIR)/UI-518.app/UI-518";
			};
			name = Release;
		};
		47619D4B27ED551B00140513 /* Debug */ = {
			isa = XCBuildConfiguration;
			buildSettings = {
				ALWAYS_EMBED_SWIFT_STANDARD_LIBRARIES = YES;
				CODE_SIGN_STYLE = Automatic;
				CURRENT_PROJECT_VERSION = 1;
				DEVELOPMENT_TEAM = 8CL4U468K5;
				GENERATE_INFOPLIST_FILE = YES;
				MARKETING_VERSION = 1.0;
				PRODUCT_BUNDLE_IDENTIFIER = "com.585.UI-518UITests";
				PRODUCT_NAME = "$(TARGET_NAME)";
				SWIFT_EMIT_LOC_STRINGS = NO;
				SWIFT_VERSION = 5.0;
				TARGETED_DEVICE_FAMILY = "1,2";
				TEST_TARGET_NAME = "UI-518";
			};
			name = Debug;
		};
		47619D4C27ED551B00140513 /* Release */ = {
			isa = XCBuildConfiguration;
			buildSettings = {
				ALWAYS_EMBED_SWIFT_STANDARD_LIBRARIES = YES;
				CODE_SIGN_STYLE = Automatic;
				CURRENT_PROJECT_VERSION = 1;
				DEVELOPMENT_TEAM = 8CL4U468K5;
				GENERATE_INFOPLIST_FILE = YES;
				MARKETING_VERSION = 1.0;
				PRODUCT_BUNDLE_IDENTIFIER = "com.585.UI-518UITests";
				PRODUCT_NAME = "$(TARGET_NAME)";
				SWIFT_EMIT_LOC_STRINGS = NO;
				SWIFT_VERSION = 5.0;
				TARGETED_DEVICE_FAMILY = "1,2";
				TEST_TARGET_NAME = "UI-518";
			};
			name = Release;
		};
/* End XCBuildConfiguration section */

/* Begin XCConfigurationList section */
		47619D1B27ED551A00140513 /* Build configuration list for PBXProject "UI-518" */ = {
			isa = XCConfigurationList;
			buildConfigurations = (
				47619D4227ED551B00140513 /* Debug */,
				47619D4327ED551B00140513 /* Release */,
			);
			defaultConfigurationIsVisible = 0;
			defaultConfigurationName = Release;
		};
		47619D4427ED551B00140513 /* Build configuration list for PBXNativeTarget "UI-518" */ = {
			isa = XCConfigurationList;
			buildConfigurations = (
				47619D4527ED551B00140513 /* Debug */,
				47619D4627ED551B00140513 /* Release */,
			);
			defaultConfigurationIsVisible = 0;
			defaultConfigurationName = Release;
		};
		47619D4727ED551B00140513 /* Build configuration list for PBXNativeTarget "UI-518Tests" */ = {
			isa = XCConfigurationList;
			buildConfigurations = (
				47619D4827ED551B00140513 /* Debug */,
				47619D4927ED551B00140513 /* Release */,
			);
			defaultConfigurationIsVisible = 0;
			defaultConfigurationName = Release;
		};
		47619D4A27ED551B00140513 /* Build configuration list for PBXNativeTarget "UI-518UITests" */ = {
			isa = XCConfigurationList;
			buildConfigurations = (
				47619D4B27ED551B00140513 /* Debug */,
				47619D4C27ED551B00140513 /* Release */,
			);
			defaultConfigurationIsVisible = 0;
			defaultConfigurationName = Release;
		};
/* End XCConfigurationList section */
	};
	rootObject = 47619D1827ED551A00140513 /* Project object */;
}
